
Microsoft Visual Studio Solution File, Format Version 12.00
# Visual Studio Version 16
VisualStudioVersion = 16.0.30503.244
MinimumVisualStudioVersion = 10.0.40219.1
Project("{FAE04EC0-301F-11D3-BF4B-00C04F79EFBC}") = "dotYT3", "dotYT3\dotYT3.csproj", "{0AEDCC83-FEB4-43D9-A1C8-B43C8EBE0850}"
EndProject
Project("{FAE04EC0-301F-11D3-BF4B-00C04F79EFBC}") = "dotYT3.WebFramework", "dotYT3.WebFramework\dotYT3.WebFramework.csproj", "{96426F1F-C644-4274-B430-23641C9C1C1B}"
EndProject
Global
	GlobalSection(SolutionConfigurationPlatforms) = preSolution
		Debug|Any CPU = Debug|Any CPU
		Release|Any CPU = Release|Any CPU
	EndGlobalSection
	GlobalSection(ProjectConfigurationPlatforms) = postSolution
		{0AEDCC83-FEB4-43D9-A1C8-B43C8EBE0850}.Debug|Any CPU.ActiveCfg = Debug|Any CPU
		{0AEDCC83-FEB4-43D9-A1C8-B43C8EBE0850}.Debug|Any CPU.Build.0 = Debug|Any CPU
		{0AEDCC83-FEB4-43D9-A1C8-B43C8EBE0850}.Release|Any CPU.ActiveCfg = Release|Any CPU
		{0AEDCC83-FEB4-43D9-A1C8-B43C8EBE0850}.Release|Any CPU.Build.0 = Release|Any CPU
		{96426F1F-C644-4274-B430-23641C9C1C1B}.Debug|Any CPU.ActiveCfg = Debug|Any CPU
		{96426F1F-C644-4274-B430-23641C9C1C1B}.Debug|Any CPU.Build.0 = Debug|Any CPU
		{96426F1F-C644-4274-B430-23641C9C1C1B}.Release|Any CPU.ActiveCfg = Release|Any CPU
		{96426F1F-C644-4274-B430-23641C9C1C1B}.Release|Any CPU.Build.0 = Release|Any CPU
	EndGlobalSection
	GlobalSection(SolutionProperties) = preSolution
		HideSolutionNode = FALSE
	EndGlobalSection
	GlobalSection(ExtensibilityGlobals) = postSolution
		SolutionGuid = {FC7F0B48-3328-44FC-9B5C-A4651EF7C488}
	EndGlobalSection
EndGlobal
